
Microsoft Visual Studio Solution File, Format Version 12.00
# Visual Studio 15
VisualStudioVersion = 15.0.26730.10
MinimumVisualStudioVersion = 10.0.40219.1
Project("{2150E333-8FDC-42A3-9474-1A3956D46DE8}") = "tests", "tests", "{C5B36451-2DF5-4094-B3B6-29CA593797E3}"
EndProject
Project("{2150E333-8FDC-42A3-9474-1A3956D46DE8}") = "src", "src", "{670C7B97-F40E-4E06-A5BB-F58EAE4F7D4A}"
EndProject
Project("{2150E333-8FDC-42A3-9474-1A3956D46DE8}") = "Core", "Core", "{8304AF63-1B8B-4985-AE05-ED7BAEA06E17}"
EndProject
Project("{9A19103F-16F7-4668-BE54-9A1E7A4F7556}") = "IleCzasu.Application", "src\Core\IleCzasu.Application\IleCzasu.Application.csproj", "{E470D839-1480-4E9B-AB04-FBFCBF649329}"
EndProject
Project("{9A19103F-16F7-4668-BE54-9A1E7A4F7556}") = "IleCzasu.Web", "src\IleCzasu.Web\IleCzasu.Web.csproj", "{AB852914-7A03-43B6-916D-E383D7A63627}"
EndProject
Project("{9A19103F-16F7-4668-BE54-9A1E7A4F7556}") = "IleCzasu.Data", "src\Core\IleCzasu.Data\IleCzasu.Data.csproj", "{0BD6FE6E-B527-49CB-97D4-9AFD1A777944}"
EndProject
Global
	GlobalSection(SolutionConfigurationPlatforms) = preSolution
		Debug|Any CPU = Debug|Any CPU
		Release|Any CPU = Release|Any CPU
	EndGlobalSection
	GlobalSection(ProjectConfigurationPlatforms) = postSolution
		{E470D839-1480-4E9B-AB04-FBFCBF649329}.Debug|Any CPU.ActiveCfg = Debug|Any CPU
		{E470D839-1480-4E9B-AB04-FBFCBF649329}.Debug|Any CPU.Build.0 = Debug|Any CPU
		{E470D839-1480-4E9B-AB04-FBFCBF649329}.Release|Any CPU.ActiveCfg = Release|Any CPU
		{E470D839-1480-4E9B-AB04-FBFCBF649329}.Release|Any CPU.Build.0 = Release|Any CPU
		{AB852914-7A03-43B6-916D-E383D7A63627}.Debug|Any CPU.ActiveCfg = Debug|Any CPU
		{AB852914-7A03-43B6-916D-E383D7A63627}.Debug|Any CPU.Build.0 = Debug|Any CPU
		{AB852914-7A03-43B6-916D-E383D7A63627}.Release|Any CPU.ActiveCfg = Release|Any CPU
		{AB852914-7A03-43B6-916D-E383D7A63627}.Release|Any CPU.Build.0 = Release|Any CPU
		{0BD6FE6E-B527-49CB-97D4-9AFD1A777944}.Debug|Any CPU.ActiveCfg = Debug|Any CPU
		{0BD6FE6E-B527-49CB-97D4-9AFD1A777944}.Debug|Any CPU.Build.0 = Debug|Any CPU
		{0BD6FE6E-B527-49CB-97D4-9AFD1A777944}.Release|Any CPU.ActiveCfg = Release|Any CPU
		{0BD6FE6E-B527-49CB-97D4-9AFD1A777944}.Release|Any CPU.Build.0 = Release|Any CPU
	EndGlobalSection
	GlobalSection(SolutionProperties) = preSolution
		HideSolutionNode = FALSE
	EndGlobalSection
	GlobalSection(NestedProjects) = preSolution
		{8304AF63-1B8B-4985-AE05-ED7BAEA06E17} = {670C7B97-F40E-4E06-A5BB-F58EAE4F7D4A}
		{E470D839-1480-4E9B-AB04-FBFCBF649329} = {8304AF63-1B8B-4985-AE05-ED7BAEA06E17}
		{AB852914-7A03-43B6-916D-E383D7A63627} = {670C7B97-F40E-4E06-A5BB-F58EAE4F7D4A}
		{0BD6FE6E-B527-49CB-97D4-9AFD1A777944} = {8304AF63-1B8B-4985-AE05-ED7BAEA06E17}
	EndGlobalSection
	GlobalSection(ExtensibilityGlobals) = postSolution
		SolutionGuid = {BC580A6E-A5B6-4BBA-9F44-1A5F73334160}
	EndGlobalSection
EndGlobal
